
Microsoft Visual Studio Solution File, Format Version 12.00
# Visual Studio Version 16
VisualStudioVersion = 16.0.29709.97
MinimumVisualStudioVersion = 10.0.40219.1
Project("{FAE04EC0-301F-11D3-BF4B-00C04F79EFBC}") = "Aspose.Font.Examples", "Aspose.Font.Examples\Aspose.Font.Examples.csproj", "{7139CE5B-3DB4-4A94-9E00-FC61E45FFED9}"
EndProject
Global
	GlobalSection(SolutionConfigurationPlatforms) = preSolution
		Debug|Any CPU = Debug|Any CPU
		Release|Any CPU = Release|Any CPU
	EndGlobalSection
	GlobalSection(ProjectConfigurationPlatforms) = postSolution
		{7139CE5B-3DB4-4A94-9E00-FC61E45FFED9}.Debug|Any CPU.ActiveCfg = Debug|Any CPU
		{7139CE5B-3DB4-4A94-9E00-FC61E45FFED9}.Debug|Any CPU.Build.0 = Debug|Any CPU
		{7139CE5B-3DB4-4A94-9E00-FC61E45FFED9}.Release|Any CPU.ActiveCfg = Release|Any CPU
		{7139CE5B-3DB4-4A94-9E00-FC61E45FFED9}.Release|Any CPU.Build.0 = Release|Any CPU
	EndGlobalSection
	GlobalSection(SolutionProperties) = preSolution
		HideSolutionNode = FALSE
	EndGlobalSection
	GlobalSection(ExtensibilityGlobals) = postSolution
		SolutionGuid = {4A8681F8-C84E-419D-9F35-FBE57BF69E14}
	EndGlobalSection
EndGlobal
